
Microsoft Visual Studio Solution File, Format Version 12.00
Project("{FAE04EC0-301F-11D3-BF4B-00C04F79EFBC}") = "PrometheusMetrics.Api.Reference", "PrometheusMetrics.Api.Reference\PrometheusMetrics.Api.Reference.csproj", "{B4CCD7EB-D860-4FD1-9A1C-8BCD8D4C653B}"
EndProject
Global
	GlobalSection(SolutionConfigurationPlatforms) = preSolution
		Debug|Any CPU = Debug|Any CPU
		Release|Any CPU = Release|Any CPU
	EndGlobalSection
	GlobalSection(ProjectConfigurationPlatforms) = postSolution
		{B4CCD7EB-D860-4FD1-9A1C-8BCD8D4C653B}.Debug|Any CPU.ActiveCfg = Debug|Any CPU
		{B4CCD7EB-D860-4FD1-9A1C-8BCD8D4C653B}.Debug|Any CPU.Build.0 = Debug|Any CPU
		{B4CCD7EB-D860-4FD1-9A1C-8BCD8D4C653B}.Release|Any CPU.ActiveCfg = Release|Any CPU
		{B4CCD7EB-D860-4FD1-9A1C-8BCD8D4C653B}.Release|Any CPU.Build.0 = Release|Any CPU
	EndGlobalSection
EndGlobal
